
Microsoft Visual Studio Solution File, Format Version 12.00
# Visual Studio Version 17
VisualStudioVersion = 17.0.31903.59
MinimumVisualStudioVersion = 10.0.40219.1
Project("{FAE04EC0-301F-11D3-BF4B-00C04F79EFBC}") = "Dima.Core", "Dima.Core\Dima.Core.csproj", "{8AAE1BD3-D1A2-4DA3-B3C3-0161EBE898C8}"
EndProject
Project("{FAE04EC0-301F-11D3-BF4B-00C04F79EFBC}") = "Dima.Api", "Dima.Api\Dima.Api.csproj", "{E64C30F1-99CF-4345-B642-EE183C3DF5FF}"
EndProject
Project("{FAE04EC0-301F-11D3-BF4B-00C04F79EFBC}") = "Dima.Web", "Dima.Web\Dima.Web.csproj", "{2E32DC0A-278D-4547-A03C-CB8E3C0F3AB0}"
EndProject
Global
	GlobalSection(SolutionConfigurationPlatforms) = preSolution
		Debug|Any CPU = Debug|Any CPU
		Release|Any CPU = Release|Any CPU
	EndGlobalSection
	GlobalSection(SolutionProperties) = preSolution
		HideSolutionNode = FALSE
	EndGlobalSection
	GlobalSection(ProjectConfigurationPlatforms) = postSolution
		{8AAE1BD3-D1A2-4DA3-B3C3-0161EBE898C8}.Debug|Any CPU.ActiveCfg = Debug|Any CPU
		{8AAE1BD3-D1A2-4DA3-B3C3-0161EBE898C8}.Debug|Any CPU.Build.0 = Debug|Any CPU
		{8AAE1BD3-D1A2-4DA3-B3C3-0161EBE898C8}.Release|Any CPU.ActiveCfg = Release|Any CPU
		{8AAE1BD3-D1A2-4DA3-B3C3-0161EBE898C8}.Release|Any CPU.Build.0 = Release|Any CPU
		{E64C30F1-99CF-4345-B642-EE183C3DF5FF}.Debug|Any CPU.ActiveCfg = Debug|Any CPU
		{E64C30F1-99CF-4345-B642-EE183C3DF5FF}.Debug|Any CPU.Build.0 = Debug|Any CPU
		{E64C30F1-99CF-4345-B642-EE183C3DF5FF}.Release|Any CPU.ActiveCfg = Release|Any CPU
		{E64C30F1-99CF-4345-B642-EE183C3DF5FF}.Release|Any CPU.Build.0 = Release|Any CPU
		{2E32DC0A-278D-4547-A03C-CB8E3C0F3AB0}.Debug|Any CPU.ActiveCfg = Debug|Any CPU
		{2E32DC0A-278D-4547-A03C-CB8E3C0F3AB0}.Debug|Any CPU.Build.0 = Debug|Any CPU
		{2E32DC0A-278D-4547-A03C-CB8E3C0F3AB0}.Release|Any CPU.ActiveCfg = Release|Any CPU
		{2E32DC0A-278D-4547-A03C-CB8E3C0F3AB0}.Release|Any CPU.Build.0 = Release|Any CPU
	EndGlobalSection
EndGlobal
